github.com/astaxie/beedb v0.0.0-20141221130223-1732292dfde4 h1:H6nlE+4uYvw3cLPG+6VyZC95cK7v4IOSJtSgFqRyAk8=
github.com/astaxie/beedb v0.0.0-20141221130223-1732292dfde4/go.mod h1:2b16Ly607ElY8oA125L5xtogpOZ3MsWgAxunF3WDDbA=
github.com/golang-jwt/jwt/v4 v4.5.2 h1:YtQM7lnr8iZ+j5q71MGKkNw9Mn7AjHM68uc9g5fXeUI=
github.com/golang-jwt/jwt/v4 v4.5.2/go.mod h1:m21LjoU+eqJr34lmDMbreY2eSTRJ1cv77w39/MY0Ch0=
